
Microsoft Visual Studio Solution File, Format Version 12.00
# Visual Studio Version 17
VisualStudioVersion = 17.10.34916.146
MinimumVisualStudioVersion = 10.0.40219.1
Project("{FAE04EC0-301F-11D3-BF4B-00C04F79EFBC}") = "Final Project for Studio 2", "Final Project for Studio 2.csproj", "{90CCAA46-9586-413E-926C-47CCFE5D7B1E}"
EndProject
Global
	GlobalSection(SolutionConfigurationPlatforms) = preSolution
		Debug|Any CPU = Debug|Any CPU
		Release|Any CPU = Release|Any CPU
	EndGlobalSection
	GlobalSection(ProjectConfigurationPlatforms) = postSolution
		{90CCAA46-9586-413E-926C-47CCFE5D7B1E}.Debug|Any CPU.ActiveCfg = Debug|Any CPU
		{90CCAA46-9586-413E-926C-47CCFE5D7B1E}.Debug|Any CPU.Build.0 = Debug|Any CPU
		{90CCAA46-9586-413E-926C-47CCFE5D7B1E}.Release|Any CPU.ActiveCfg = Release|Any CPU
		{90CCAA46-9586-413E-926C-47CCFE5D7B1E}.Release|Any CPU.Build.0 = Release|Any CPU
	EndGlobalSection
	GlobalSection(SolutionProperties) = preSolution
		HideSolutionNode = FALSE
	EndGlobalSection
	GlobalSection(ExtensibilityGlobals) = postSolution
		SolutionGuid = {12E61607-9580-4B78-8F26-8546772CC6C3}
	EndGlobalSection
EndGlobal
